
Microsoft Visual Studio Solution File, Format Version 12.00
# Visual Studio Version 16
VisualStudioVersion = 16.0.31205.134
MinimumVisualStudioVersion = 10.0.40219.1
Project("{FAE04EC0-301F-11D3-BF4B-00C04F79EFBC}") = "Auto_Run_Collection", "Auto_Run_Collection\Auto_Run_Collection.csproj", "{4921E851-69D3-4529-AB3E-8D8047A8E7D7}"
EndProject
Global
	GlobalSection(SolutionConfigurationPlatforms) = preSolution
		Debug|Any CPU = Debug|Any CPU
		Release|Any CPU = Release|Any CPU
	EndGlobalSection
	GlobalSection(ProjectConfigurationPlatforms) = postSolution
		{4921E851-69D3-4529-AB3E-8D8047A8E7D7}.Debug|Any CPU.ActiveCfg = Debug|Any CPU
		{4921E851-69D3-4529-AB3E-8D8047A8E7D7}.Debug|Any CPU.Build.0 = Debug|Any CPU
		{4921E851-69D3-4529-AB3E-8D8047A8E7D7}.Release|Any CPU.ActiveCfg = Release|Any CPU
		{4921E851-69D3-4529-AB3E-8D8047A8E7D7}.Release|Any CPU.Build.0 = Release|Any CPU
	EndGlobalSection
	GlobalSection(SolutionProperties) = preSolution
		HideSolutionNode = FALSE
	EndGlobalSection
	GlobalSection(ExtensibilityGlobals) = postSolution
		SolutionGuid = {4BEE8C71-94B5-489F-A48A-AC2CDD6403C9}
	EndGlobalSection
EndGlobal
